
Microsoft Visual Studio Solution File, Format Version 12.00
# Visual Studio Version 17
VisualStudioVersion = 17.10.35027.167
MinimumVisualStudioVersion = 10.0.40219.1
Project("{FAE04EC0-301F-11D3-BF4B-00C04F79EFBC}") = "ColumnChecker", "ColumnChecker\ColumnChecker.csproj", "{3A3B3F51-9B84-4694-AE52-1935375B736D}"
EndProject
Global
	GlobalSection(SolutionConfigurationPlatforms) = preSolution
		Debug|Any CPU = Debug|Any CPU
		Release|Any CPU = Release|Any CPU
	EndGlobalSection
	GlobalSection(ProjectConfigurationPlatforms) = postSolution
		{3A3B3F51-9B84-4694-AE52-1935375B736D}.Debug|Any CPU.ActiveCfg = Debug|Any CPU
		{3A3B3F51-9B84-4694-AE52-1935375B736D}.Debug|Any CPU.Build.0 = Debug|Any CPU
		{3A3B3F51-9B84-4694-AE52-1935375B736D}.Release|Any CPU.ActiveCfg = Release|Any CPU
		{3A3B3F51-9B84-4694-AE52-1935375B736D}.Release|Any CPU.Build.0 = Release|Any CPU
	EndGlobalSection
	GlobalSection(SolutionProperties) = preSolution
		HideSolutionNode = FALSE
	EndGlobalSection
	GlobalSection(ExtensibilityGlobals) = postSolution
		SolutionGuid = {FC492F42-DB30-4D59-BE87-3C14D8F95601}
	EndGlobalSection
EndGlobal
